
Microsoft Visual Studio Solution File, Format Version 12.00
# Visual Studio Version 17
VisualStudioVersion = 17.13.35931.197 d17.13
MinimumVisualStudioVersion = 10.0.40219.1
Project("{FAE04EC0-301F-11D3-BF4B-00C04F79EFBC}") = "democicd", "democicd\democicd.csproj", "{9FB3338B-D3AB-4380-A4D4-ED7B4B9FC052}"
EndProject
Global
	GlobalSection(SolutionConfigurationPlatforms) = preSolution
		Debug|Any CPU = Debug|Any CPU
		Release|Any CPU = Release|Any CPU
	EndGlobalSection
	GlobalSection(ProjectConfigurationPlatforms) = postSolution
		{9FB3338B-D3AB-4380-A4D4-ED7B4B9FC052}.Debug|Any CPU.ActiveCfg = Debug|Any CPU
		{9FB3338B-D3AB-4380-A4D4-ED7B4B9FC052}.Debug|Any CPU.Build.0 = Debug|Any CPU
		{9FB3338B-D3AB-4380-A4D4-ED7B4B9FC052}.Release|Any CPU.ActiveCfg = Release|Any CPU
		{9FB3338B-D3AB-4380-A4D4-ED7B4B9FC052}.Release|Any CPU.Build.0 = Release|Any CPU
	EndGlobalSection
	GlobalSection(SolutionProperties) = preSolution
		HideSolutionNode = FALSE
	EndGlobalSection
	GlobalSection(ExtensibilityGlobals) = postSolution
		SolutionGuid = {C90233A5-5B58-4A69-BB74-2CA29C908282}
	EndGlobalSection
EndGlobal
